
Microsoft Visual Studio Solution File, Format Version 12.00
Project("{FAE04EC0-301F-11D3-BF4B-00C04F79EFBC}") = "Yodlee", "Yodlee\Yodlee.csproj", "{FE9858A2-E5C3-42D7-9B8D-5C44CE45675C}"
EndProject
Project("{FAE04EC0-301F-11D3-BF4B-00C04F79EFBC}") = "YotiApi", "YotiApi\YotiApi.csproj", "{C209538D-D3CC-4B03-8C1C-AFBF79A0B0F5}"
EndProject
Global
	GlobalSection(SolutionConfigurationPlatforms) = preSolution
		Debug|Any CPU = Debug|Any CPU
		Release|Any CPU = Release|Any CPU
	EndGlobalSection
	GlobalSection(ProjectConfigurationPlatforms) = postSolution
		{FE9858A2-E5C3-42D7-9B8D-5C44CE45675C}.Debug|Any CPU.ActiveCfg = Debug|Any CPU
		{FE9858A2-E5C3-42D7-9B8D-5C44CE45675C}.Debug|Any CPU.Build.0 = Debug|Any CPU
		{FE9858A2-E5C3-42D7-9B8D-5C44CE45675C}.Release|Any CPU.ActiveCfg = Release|Any CPU
		{FE9858A2-E5C3-42D7-9B8D-5C44CE45675C}.Release|Any CPU.Build.0 = Release|Any CPU
		{C209538D-D3CC-4B03-8C1C-AFBF79A0B0F5}.Debug|Any CPU.ActiveCfg = Debug|Any CPU
		{C209538D-D3CC-4B03-8C1C-AFBF79A0B0F5}.Debug|Any CPU.Build.0 = Debug|Any CPU
		{C209538D-D3CC-4B03-8C1C-AFBF79A0B0F5}.Release|Any CPU.ActiveCfg = Release|Any CPU
		{C209538D-D3CC-4B03-8C1C-AFBF79A0B0F5}.Release|Any CPU.Build.0 = Release|Any CPU
	EndGlobalSection
EndGlobal
